
Microsoft Visual Studio Solution File, Format Version 12.00
# Visual Studio Version 17
VisualStudioVersion = 17.9.34728.123
MinimumVisualStudioVersion = 10.0.40219.1
Project("{FAE04EC0-301F-11D3-BF4B-00C04F79EFBC}") = "Guia4_part2", "Guia4_part2\Guia4_part2.csproj", "{7F166F7E-C680-4A1D-94B2-1720807501DE}"
EndProject
Global
	GlobalSection(SolutionConfigurationPlatforms) = preSolution
		Debug|Any CPU = Debug|Any CPU
		Release|Any CPU = Release|Any CPU
	EndGlobalSection
	GlobalSection(ProjectConfigurationPlatforms) = postSolution
		{7F166F7E-C680-4A1D-94B2-1720807501DE}.Debug|Any CPU.ActiveCfg = Debug|Any CPU
		{7F166F7E-C680-4A1D-94B2-1720807501DE}.Debug|Any CPU.Build.0 = Debug|Any CPU
		{7F166F7E-C680-4A1D-94B2-1720807501DE}.Release|Any CPU.ActiveCfg = Release|Any CPU
		{7F166F7E-C680-4A1D-94B2-1720807501DE}.Release|Any CPU.Build.0 = Release|Any CPU
	EndGlobalSection
	GlobalSection(SolutionProperties) = preSolution
		HideSolutionNode = FALSE
	EndGlobalSection
	GlobalSection(ExtensibilityGlobals) = postSolution
		SolutionGuid = {C69B1844-3596-47CD-9302-FB4DC31FDA5E}
	EndGlobalSection
EndGlobal
